
Microsoft Visual Studio Solution File, Format Version 12.00
# Visual Studio 15
VisualStudioVersion = 15.0.28010.2036
MinimumVisualStudioVersion = 10.0.40219.1
Project("{FAE04EC0-301F-11D3-BF4B-00C04F79EFBC}") = "FacebookAppLogic", "FacebookAppLogic\FacebookAppLogic.csproj", "{70A2B48E-B13F-4677-B1D5-4481418A6B51}"
EndProject
Project("{FAE04EC0-301F-11D3-BF4B-00C04F79EFBC}") = "FacebookApp", "FacebookApp\FacebookApp.csproj", "{CE662303-61AE-4AFB-801B-9B41358587BB}"
EndProject
Project("{2150E333-8FDC-42A3-9474-1A3956D46DE8}") = "Solution Items", "Solution Items", "{BB0AAE69-DF1A-4AE3-A3D8-103B6528D3F1}"
	ProjectSection(SolutionItems) = preProject
		A19 Ex01 Alexey Vasyanovich 319618989 Zvi Mirimsky 203121967.docx = A19 Ex01 Alexey Vasyanovich 319618989 Zvi Mirimsky 203121967.docx
		Exercise Report.txt = Exercise Report.txt
	EndProjectSection
EndProject
Global
	GlobalSection(SolutionConfigurationPlatforms) = preSolution
		Debug|Any CPU = Debug|Any CPU
		Release|Any CPU = Release|Any CPU
	EndGlobalSection
	GlobalSection(ProjectConfigurationPlatforms) = postSolution
		{70A2B48E-B13F-4677-B1D5-4481418A6B51}.Debug|Any CPU.ActiveCfg = Debug|Any CPU
		{70A2B48E-B13F-4677-B1D5-4481418A6B51}.Debug|Any CPU.Build.0 = Debug|Any CPU
		{70A2B48E-B13F-4677-B1D5-4481418A6B51}.Release|Any CPU.ActiveCfg = Release|Any CPU
		{70A2B48E-B13F-4677-B1D5-4481418A6B51}.Release|Any CPU.Build.0 = Release|Any CPU
		{CE662303-61AE-4AFB-801B-9B41358587BB}.Debug|Any CPU.ActiveCfg = Debug|Any CPU
		{CE662303-61AE-4AFB-801B-9B41358587BB}.Debug|Any CPU.Build.0 = Debug|Any CPU
		{CE662303-61AE-4AFB-801B-9B41358587BB}.Release|Any CPU.ActiveCfg = Release|Any CPU
		{CE662303-61AE-4AFB-801B-9B41358587BB}.Release|Any CPU.Build.0 = Release|Any CPU
	EndGlobalSection
	GlobalSection(SolutionProperties) = preSolution
		HideSolutionNode = FALSE
	EndGlobalSection
	GlobalSection(ExtensibilityGlobals) = postSolution
		SolutionGuid = {41529558-DBE3-4B2D-A8EC-5910E1B5FDE6}
	EndGlobalSection
EndGlobal
